
Microsoft Visual Studio Solution File, Format Version 11.00
# Visual Studio 2010
Project("{FAE04EC0-301F-11D3-BF4B-00C04F79EFBC}") = "Essential.Diagnostics", "Essential.Diagnostics\Essential.Diagnostics.csproj", "{7A59AA9B-D2C3-4682-A4D7-CE37B98F5905}"
EndProject
Project("{FAE04EC0-301F-11D3-BF4B-00C04F79EFBC}") = "Essential.Diagnostics.Tests", "Essential.Diagnostics.Tests\Essential.Diagnostics.Tests.csproj", "{CBE26D49-CC4A-469F-ADE7-4BC08F3A8168}"
EndProject
Project("{2150E333-8FDC-42A3-9474-1A3956D46DE8}") = "Solution Items", "Solution Items", "{790A6ADB-4332-4E36-A86E-95373F44BCE6}"
	ProjectSection(SolutionItems) = preProject
		EssentialDiagnostics.msbuild = EssentialDiagnostics.msbuild
		EssentialDiagnostics.vsmdi = EssentialDiagnostics.vsmdi
		License.txt = License.txt
		Local.testsettings = Local.testsettings
		LocalTestRun.TestRunConfig = LocalTestRun.TestRunConfig
		ReadMe.txt = ReadMe.txt
		TFSBuildNumber.targets = TFSBuildNumber.targets
		ToDo.txt = ToDo.txt
		TraceAndTestImpact.testsettings = TraceAndTestImpact.testsettings
	EndProjectSection
EndProject
Project("{FAE04EC0-301F-11D3-BF4B-00C04F79EFBC}") = "Essential.Diagnostics.RegSql", "Essential.Diagnostics.RegSql\Essential.Diagnostics.RegSql.csproj", "{252DDE2C-C596-4F3B-96E3-87CB9F7ED839}"
EndProject
Project("{2150E333-8FDC-42A3-9474-1A3956D46DE8}") = "Package", "Package", "{AA216E78-7C19-4349-ADAF-419480C7FD8C}"
	ProjectSection(SolutionItems) = preProject
		Package\Essential.Diagnostics.nuspec = Package\Essential.Diagnostics.nuspec
		Package\Ionic.Zip.dll = Package\Ionic.Zip.dll
		Package\NuGet.exe = Package\NuGet.exe
		Package\Package.cmd = Package\Package.cmd
		Package\Package.ps1 = Package\Package.ps1
	EndProjectSection
EndProject
Project("{2150E333-8FDC-42A3-9474-1A3956D46DE8}") = "Documentation", "Documentation", "{083118A3-01C9-45A0-977A-8C9A038964CE}"
	ProjectSection(SolutionItems) = preProject
		Documentation\Essential.Diagnostics.shfbproj = Documentation\Essential.Diagnostics.shfbproj
		Documentation\NamespaceComments.xml = Documentation\NamespaceComments.xml
	EndProjectSection
EndProject
Project("{FAE04EC0-301F-11D3-BF4B-00C04F79EFBC}") = "EssentialDiagnosticsIntegrationTests", "EssentialDiagnosticsIntegrationTests\EssentialDiagnosticsIntegrationTests.csproj", "{8D453047-3FA5-4B62-A7DB-04B5A582B830}"
EndProject
Project("{2150E333-8FDC-42A3-9474-1A3956D46DE8}") = "Tests", "Tests", "{A7E69AF9-D207-44DF-8294-823024B90590}"
EndProject
Project("{FAE04EC0-301F-11D3-BF4B-00C04F79EFBC}") = "TestEmailTraceListener", "TestEmailTraceListener\TestEmailTraceListener.csproj", "{A4CD5DBB-65FC-4B96-85ED-79B4CDBA2FFA}"
EndProject
Project("{FAE04EC0-301F-11D3-BF4B-00C04F79EFBC}") = "TestErrorBufferEmailTraceListener", "TestErrorBufferEmailTraceListener\TestErrorBufferEmailTraceListener.csproj", "{A75C5048-F9D7-44DF-94C0-AE42FB0DB061}"
EndProject
Global
	GlobalSection(TestCaseManagementSettings) = postSolution
		CategoryFile = EssentialDiagnostics.vsmdi
	EndGlobalSection
	GlobalSection(SolutionConfigurationPlatforms) = preSolution
		Debug|Any CPU = Debug|Any CPU
		Debug|Mixed Platforms = Debug|Mixed Platforms
		Debug|x86 = Debug|x86
		Release|Any CPU = Release|Any CPU
		Release|Mixed Platforms = Release|Mixed Platforms
		Release|x86 = Release|x86
	EndGlobalSection
	GlobalSection(ProjectConfigurationPlatforms) = postSolution
		{7A59AA9B-D2C3-4682-A4D7-CE37B98F5905}.Debug|Any CPU.ActiveCfg = Debug|Any CPU
		{7A59AA9B-D2C3-4682-A4D7-CE37B98F5905}.Debug|Any CPU.Build.0 = Debug|Any CPU
		{7A59AA9B-D2C3-4682-A4D7-CE37B98F5905}.Debug|Mixed Platforms.ActiveCfg = Debug|Any CPU
		{7A59AA9B-D2C3-4682-A4D7-CE37B98F5905}.Debug|Mixed Platforms.Build.0 = Debug|Any CPU
		{7A59AA9B-D2C3-4682-A4D7-CE37B98F5905}.Debug|x86.ActiveCfg = Debug|Any CPU
		{7A59AA9B-D2C3-4682-A4D7-CE37B98F5905}.Release|Any CPU.ActiveCfg = Release|Any CPU
		{7A59AA9B-D2C3-4682-A4D7-CE37B98F5905}.Release|Any CPU.Build.0 = Release|Any CPU
		{7A59AA9B-D2C3-4682-A4D7-CE37B98F5905}.Release|Mixed Platforms.ActiveCfg = Release|Any CPU
		{7A59AA9B-D2C3-4682-A4D7-CE37B98F5905}.Release|Mixed Platforms.Build.0 = Release|Any CPU
		{7A59AA9B-D2C3-4682-A4D7-CE37B98F5905}.Release|x86.ActiveCfg = Release|Any CPU
		{CBE26D49-CC4A-469F-ADE7-4BC08F3A8168}.Debug|Any CPU.ActiveCfg = Debug|Any CPU
		{CBE26D49-CC4A-469F-ADE7-4BC08F3A8168}.Debug|Any CPU.Build.0 = Debug|Any CPU
		{CBE26D49-CC4A-469F-ADE7-4BC08F3A8168}.Debug|Mixed Platforms.ActiveCfg = Debug|Any CPU
		{CBE26D49-CC4A-469F-ADE7-4BC08F3A8168}.Debug|Mixed Platforms.Build.0 = Debug|Any CPU
		{CBE26D49-CC4A-469F-ADE7-4BC08F3A8168}.Debug|x86.ActiveCfg = Debug|Any CPU
		{CBE26D49-CC4A-469F-ADE7-4BC08F3A8168}.Release|Any CPU.ActiveCfg = Release|Any CPU
		{CBE26D49-CC4A-469F-ADE7-4BC08F3A8168}.Release|Any CPU.Build.0 = Release|Any CPU
		{CBE26D49-CC4A-469F-ADE7-4BC08F3A8168}.Release|Mixed Platforms.ActiveCfg = Release|Any CPU
		{CBE26D49-CC4A-469F-ADE7-4BC08F3A8168}.Release|Mixed Platforms.Build.0 = Release|Any CPU
		{CBE26D49-CC4A-469F-ADE7-4BC08F3A8168}.Release|x86.ActiveCfg = Release|Any CPU
		{252DDE2C-C596-4F3B-96E3-87CB9F7ED839}.Debug|Any CPU.ActiveCfg = Debug|Any CPU
		{252DDE2C-C596-4F3B-96E3-87CB9F7ED839}.Debug|Any CPU.Build.0 = Debug|Any CPU
		{252DDE2C-C596-4F3B-96E3-87CB9F7ED839}.Debug|Mixed Platforms.ActiveCfg = Debug|Any CPU
		{252DDE2C-C596-4F3B-96E3-87CB9F7ED839}.Debug|Mixed Platforms.Build.0 = Debug|Any CPU
		{252DDE2C-C596-4F3B-96E3-87CB9F7ED839}.Debug|x86.ActiveCfg = Debug|x86
		{252DDE2C-C596-4F3B-96E3-87CB9F7ED839}.Debug|x86.Build.0 = Debug|x86
		{252DDE2C-C596-4F3B-96E3-87CB9F7ED839}.Release|Any CPU.ActiveCfg = Release|Any CPU
		{252DDE2C-C596-4F3B-96E3-87CB9F7ED839}.Release|Any CPU.Build.0 = Release|Any CPU
		{252DDE2C-C596-4F3B-96E3-87CB9F7ED839}.Release|Mixed Platforms.ActiveCfg = Release|Any CPU
		{252DDE2C-C596-4F3B-96E3-87CB9F7ED839}.Release|Mixed Platforms.Build.0 = Release|Any CPU
		{252DDE2C-C596-4F3B-96E3-87CB9F7ED839}.Release|x86.ActiveCfg = Release|x86
		{252DDE2C-C596-4F3B-96E3-87CB9F7ED839}.Release|x86.Build.0 = Release|x86
		{8D453047-3FA5-4B62-A7DB-04B5A582B830}.Debug|Any CPU.ActiveCfg = Debug|Any CPU
		{8D453047-3FA5-4B62-A7DB-04B5A582B830}.Debug|Any CPU.Build.0 = Debug|Any CPU
		{8D453047-3FA5-4B62-A7DB-04B5A582B830}.Debug|Mixed Platforms.ActiveCfg = Debug|Any CPU
		{8D453047-3FA5-4B62-A7DB-04B5A582B830}.Debug|Mixed Platforms.Build.0 = Debug|Any CPU
		{8D453047-3FA5-4B62-A7DB-04B5A582B830}.Debug|x86.ActiveCfg = Debug|Any CPU
		{8D453047-3FA5-4B62-A7DB-04B5A582B830}.Release|Any CPU.ActiveCfg = Release|Any CPU
		{8D453047-3FA5-4B62-A7DB-04B5A582B830}.Release|Any CPU.Build.0 = Release|Any CPU
		{8D453047-3FA5-4B62-A7DB-04B5A582B830}.Release|Mixed Platforms.ActiveCfg = Release|Any CPU
		{8D453047-3FA5-4B62-A7DB-04B5A582B830}.Release|Mixed Platforms.Build.0 = Release|Any CPU
		{8D453047-3FA5-4B62-A7DB-04B5A582B830}.Release|x86.ActiveCfg = Release|Any CPU
		{A4CD5DBB-65FC-4B96-85ED-79B4CDBA2FFA}.Debug|Any CPU.ActiveCfg = Debug|Any CPU
		{A4CD5DBB-65FC-4B96-85ED-79B4CDBA2FFA}.Debug|Any CPU.Build.0 = Debug|Any CPU
		{A4CD5DBB-65FC-4B96-85ED-79B4CDBA2FFA}.Debug|Mixed Platforms.ActiveCfg = Debug|Any CPU
		{A4CD5DBB-65FC-4B96-85ED-79B4CDBA2FFA}.Debug|Mixed Platforms.Build.0 = Debug|Any CPU
		{A4CD5DBB-65FC-4B96-85ED-79B4CDBA2FFA}.Debug|x86.ActiveCfg = Debug|x86
		{A4CD5DBB-65FC-4B96-85ED-79B4CDBA2FFA}.Debug|x86.Build.0 = Debug|x86
		{A4CD5DBB-65FC-4B96-85ED-79B4CDBA2FFA}.Release|Any CPU.ActiveCfg = Release|Any CPU
		{A4CD5DBB-65FC-4B96-85ED-79B4CDBA2FFA}.Release|Any CPU.Build.0 = Release|Any CPU
		{A4CD5DBB-65FC-4B96-85ED-79B4CDBA2FFA}.Release|Mixed Platforms.ActiveCfg = Release|Any CPU
		{A4CD5DBB-65FC-4B96-85ED-79B4CDBA2FFA}.Release|Mixed Platforms.Build.0 = Release|Any CPU
		{A4CD5DBB-65FC-4B96-85ED-79B4CDBA2FFA}.Release|x86.ActiveCfg = Release|x86
		{A4CD5DBB-65FC-4B96-85ED-79B4CDBA2FFA}.Release|x86.Build.0 = Release|x86
		{A75C5048-F9D7-44DF-94C0-AE42FB0DB061}.Debug|Any CPU.ActiveCfg = Debug|Any CPU
		{A75C5048-F9D7-44DF-94C0-AE42FB0DB061}.Debug|Any CPU.Build.0 = Debug|Any CPU
		{A75C5048-F9D7-44DF-94C0-AE42FB0DB061}.Debug|Mixed Platforms.ActiveCfg = Debug|Any CPU
		{A75C5048-F9D7-44DF-94C0-AE42FB0DB061}.Debug|Mixed Platforms.Build.0 = Debug|Any CPU
		{A75C5048-F9D7-44DF-94C0-AE42FB0DB061}.Debug|x86.ActiveCfg = Debug|x86
		{A75C5048-F9D7-44DF-94C0-AE42FB0DB061}.Debug|x86.Build.0 = Debug|x86
		{A75C5048-F9D7-44DF-94C0-AE42FB0DB061}.Release|Any CPU.ActiveCfg = Release|Any CPU
		{A75C5048-F9D7-44DF-94C0-AE42FB0DB061}.Release|Any CPU.Build.0 = Release|Any CPU
		{A75C5048-F9D7-44DF-94C0-AE42FB0DB061}.Release|Mixed Platforms.ActiveCfg = Release|Any CPU
		{A75C5048-F9D7-44DF-94C0-AE42FB0DB061}.Release|Mixed Platforms.Build.0 = Release|Any CPU
		{A75C5048-F9D7-44DF-94C0-AE42FB0DB061}.Release|x86.ActiveCfg = Release|x86
		{A75C5048-F9D7-44DF-94C0-AE42FB0DB061}.Release|x86.Build.0 = Release|x86
	EndGlobalSection
	GlobalSection(SolutionProperties) = preSolution
		HideSolutionNode = FALSE
	EndGlobalSection
	GlobalSection(NestedProjects) = preSolution
		{8D453047-3FA5-4B62-A7DB-04B5A582B830} = {A7E69AF9-D207-44DF-8294-823024B90590}
		{CBE26D49-CC4A-469F-ADE7-4BC08F3A8168} = {A7E69AF9-D207-44DF-8294-823024B90590}
		{A4CD5DBB-65FC-4B96-85ED-79B4CDBA2FFA} = {A7E69AF9-D207-44DF-8294-823024B90590}
		{A75C5048-F9D7-44DF-94C0-AE42FB0DB061} = {A7E69AF9-D207-44DF-8294-823024B90590}
	EndGlobalSection
EndGlobal
